
Microsoft Visual Studio Solution File, Format Version 12.00
# Visual Studio Version 17
VisualStudioVersion = 17.11.35312.102
MinimumVisualStudioVersion = 10.0.40219.1
Project("{9A19103F-16F7-4668-BE54-9A1E7A4F7556}") = "Kamban.Api", "Kamban.Api\Kamban.Api.csproj", "{26ADB0C6-D852-4E35-A913-9D4394B2C078}"
EndProject
Project("{9A19103F-16F7-4668-BE54-9A1E7A4F7556}") = "Kamban.Domain", "Kamban.Domain\Kamban.Domain.csproj", "{C47F5200-7DF5-4BFF-9533-93D8F5572D53}"
EndProject
Project("{9A19103F-16F7-4668-BE54-9A1E7A4F7556}") = "Kamban.Infrastructure", "Kamban.Infrastructure\Kamban.Infrastructure.csproj", "{2F2794B6-A2CA-40F0-AD69-84A7A835E8EB}"
EndProject
Project("{9A19103F-16F7-4668-BE54-9A1E7A4F7556}") = "Kamban.Application", "Kamban.Application\Kamban.Application.csproj", "{C41C881D-BA28-454A-82F2-E7B45196C4EE}"
EndProject
Project("{E24C65DC-7377-472B-9ABA-BC803B73C61A}") = "KambanFront", "KambanFront\", "{B92CAF76-FBF0-4DB0-B60E-3EEFCB17FC12}"
	ProjectSection(WebsiteProperties) = preProject
		TargetFrameworkMoniker = ".NETFramework,Version%3Dv4.8.1"
		Debug.AspNetCompiler.VirtualPath = "/localhost_56169"
		Debug.AspNetCompiler.PhysicalPath = "KambanFront\"
		Debug.AspNetCompiler.TargetPath = "PrecompiledWeb\localhost_56169\"
		Debug.AspNetCompiler.Updateable = "true"
		Debug.AspNetCompiler.ForceOverwrite = "true"
		Debug.AspNetCompiler.FixedNames = "false"
		Debug.AspNetCompiler.Debug = "True"
		Release.AspNetCompiler.VirtualPath = "/localhost_56169"
		Release.AspNetCompiler.PhysicalPath = "KambanFront\"
		Release.AspNetCompiler.TargetPath = "PrecompiledWeb\localhost_56169\"
		Release.AspNetCompiler.Updateable = "true"
		Release.AspNetCompiler.ForceOverwrite = "true"
		Release.AspNetCompiler.FixedNames = "false"
		Release.AspNetCompiler.Debug = "False"
		VWDPort = "56169"
		SlnRelativePath = "KambanFront\"
	EndProjectSection
EndProject
Project("{FAE04EC0-301F-11D3-BF4B-00C04F79EFBC}") = "Kamban.Mvc", "Kamban.Mvc\Kamban.Mvc.csproj", "{3F1A624A-B355-41EA-81F2-6314B15B18A0}"
EndProject
Global
	GlobalSection(SolutionConfigurationPlatforms) = preSolution
		Debug|Any CPU = Debug|Any CPU
		Release|Any CPU = Release|Any CPU
	EndGlobalSection
	GlobalSection(ProjectConfigurationPlatforms) = postSolution
		{26ADB0C6-D852-4E35-A913-9D4394B2C078}.Debug|Any CPU.ActiveCfg = Debug|Any CPU
		{26ADB0C6-D852-4E35-A913-9D4394B2C078}.Debug|Any CPU.Build.0 = Debug|Any CPU
		{26ADB0C6-D852-4E35-A913-9D4394B2C078}.Release|Any CPU.ActiveCfg = Release|Any CPU
		{26ADB0C6-D852-4E35-A913-9D4394B2C078}.Release|Any CPU.Build.0 = Release|Any CPU
		{C47F5200-7DF5-4BFF-9533-93D8F5572D53}.Debug|Any CPU.ActiveCfg = Debug|Any CPU
		{C47F5200-7DF5-4BFF-9533-93D8F5572D53}.Debug|Any CPU.Build.0 = Debug|Any CPU
		{C47F5200-7DF5-4BFF-9533-93D8F5572D53}.Release|Any CPU.ActiveCfg = Release|Any CPU
		{C47F5200-7DF5-4BFF-9533-93D8F5572D53}.Release|Any CPU.Build.0 = Release|Any CPU
		{2F2794B6-A2CA-40F0-AD69-84A7A835E8EB}.Debug|Any CPU.ActiveCfg = Debug|Any CPU
		{2F2794B6-A2CA-40F0-AD69-84A7A835E8EB}.Debug|Any CPU.Build.0 = Debug|Any CPU
		{2F2794B6-A2CA-40F0-AD69-84A7A835E8EB}.Release|Any CPU.ActiveCfg = Release|Any CPU
		{2F2794B6-A2CA-40F0-AD69-84A7A835E8EB}.Release|Any CPU.Build.0 = Release|Any CPU
		{C41C881D-BA28-454A-82F2-E7B45196C4EE}.Debug|Any CPU.ActiveCfg = Debug|Any CPU
		{C41C881D-BA28-454A-82F2-E7B45196C4EE}.Debug|Any CPU.Build.0 = Debug|Any CPU
		{C41C881D-BA28-454A-82F2-E7B45196C4EE}.Release|Any CPU.ActiveCfg = Release|Any CPU
		{C41C881D-BA28-454A-82F2-E7B45196C4EE}.Release|Any CPU.Build.0 = Release|Any CPU
		{B92CAF76-FBF0-4DB0-B60E-3EEFCB17FC12}.Debug|Any CPU.ActiveCfg = Debug|Any CPU
		{B92CAF76-FBF0-4DB0-B60E-3EEFCB17FC12}.Debug|Any CPU.Build.0 = Debug|Any CPU
		{B92CAF76-FBF0-4DB0-B60E-3EEFCB17FC12}.Release|Any CPU.ActiveCfg = Debug|Any CPU
		{B92CAF76-FBF0-4DB0-B60E-3EEFCB17FC12}.Release|Any CPU.Build.0 = Debug|Any CPU
		{3F1A624A-B355-41EA-81F2-6314B15B18A0}.Debug|Any CPU.ActiveCfg = Debug|Any CPU
		{3F1A624A-B355-41EA-81F2-6314B15B18A0}.Debug|Any CPU.Build.0 = Debug|Any CPU
		{3F1A624A-B355-41EA-81F2-6314B15B18A0}.Release|Any CPU.ActiveCfg = Release|Any CPU
		{3F1A624A-B355-41EA-81F2-6314B15B18A0}.Release|Any CPU.Build.0 = Release|Any CPU
	EndGlobalSection
	GlobalSection(SolutionProperties) = preSolution
		HideSolutionNode = FALSE
	EndGlobalSection
	GlobalSection(ExtensibilityGlobals) = postSolution
		SolutionGuid = {098F2CBC-5A03-4D50-B9D8-EBBFFF27C7C3}
	EndGlobalSection
EndGlobal
